
Microsoft Visual Studio Solution File, Format Version 12.00
# Visual Studio 2013
VisualStudioVersion = 12.0.30501.0
MinimumVisualStudioVersion = 10.0.40219.1
Project("{FAE04EC0-301F-11D3-BF4B-00C04F79EFBC}") = "ManiaNet.ManiaPlanet.ConsoleTesting", "ManiaNet.ManiaPlanet.ConsoleTesting\ManiaNet.ManiaPlanet.ConsoleTesting.csproj", "{184C4E03-F760-4856-B291-11E8CEB0A5D3}"
EndProject
Project("{FAE04EC0-301F-11D3-BF4B-00C04F79EFBC}") = "ManiaNet.ManiaPlanet", "ManiaNet.ManiaPlanet\ManiaNet.ManiaPlanet.csproj", "{3844DCDB-1562-410C-A605-7DFFDE8DAF07}"
EndProject
Global
	GlobalSection(SolutionConfigurationPlatforms) = preSolution
		Debug|Any CPU = Debug|Any CPU
		Release|Any CPU = Release|Any CPU
	EndGlobalSection
	GlobalSection(ProjectConfigurationPlatforms) = postSolution
		{184C4E03-F760-4856-B291-11E8CEB0A5D3}.Debug|Any CPU.ActiveCfg = Debug|Any CPU
		{184C4E03-F760-4856-B291-11E8CEB0A5D3}.Debug|Any CPU.Build.0 = Debug|Any CPU
		{184C4E03-F760-4856-B291-11E8CEB0A5D3}.Release|Any CPU.ActiveCfg = Release|Any CPU
		{184C4E03-F760-4856-B291-11E8CEB0A5D3}.Release|Any CPU.Build.0 = Release|Any CPU
		{3844DCDB-1562-410C-A605-7DFFDE8DAF07}.Debug|Any CPU.ActiveCfg = Debug|Any CPU
		{3844DCDB-1562-410C-A605-7DFFDE8DAF07}.Debug|Any CPU.Build.0 = Debug|Any CPU
		{3844DCDB-1562-410C-A605-7DFFDE8DAF07}.Release|Any CPU.ActiveCfg = Release|Any CPU
		{3844DCDB-1562-410C-A605-7DFFDE8DAF07}.Release|Any CPU.Build.0 = Release|Any CPU
	EndGlobalSection
	GlobalSection(SolutionProperties) = preSolution
		HideSolutionNode = FALSE
	EndGlobalSection
EndGlobal
